
Microsoft Visual Studio Solution File, Format Version 12.00
# Visual Studio Version 17
VisualStudioVersion = 17.4.33213.308
MinimumVisualStudioVersion = 10.0.40219.1
Project("{FAE04EC0-301F-11D3-BF4B-00C04F79EFBC}") = "magazyn-kuba-inz", "magazyn-kuba-inz\magazyn-kuba-inz.csproj", "{F1800808-2A76-4898-8D49-B7E4BC77800E}"
EndProject
Global
	GlobalSection(SolutionConfigurationPlatforms) = preSolution
		Debug|Any CPU = Debug|Any CPU
		Release|Any CPU = Release|Any CPU
	EndGlobalSection
	GlobalSection(ProjectConfigurationPlatforms) = postSolution
		{F1800808-2A76-4898-8D49-B7E4BC77800E}.Debug|Any CPU.ActiveCfg = Debug|Any CPU
		{F1800808-2A76-4898-8D49-B7E4BC77800E}.Debug|Any CPU.Build.0 = Debug|Any CPU
		{F1800808-2A76-4898-8D49-B7E4BC77800E}.Release|Any CPU.ActiveCfg = Release|Any CPU
		{F1800808-2A76-4898-8D49-B7E4BC77800E}.Release|Any CPU.Build.0 = Release|Any CPU
	EndGlobalSection
	GlobalSection(SolutionProperties) = preSolution
		HideSolutionNode = FALSE
	EndGlobalSection
	GlobalSection(ExtensibilityGlobals) = postSolution
		SolutionGuid = {08D8E22C-FCEF-4B38-AECC-E9706E92116C}
	EndGlobalSection
EndGlobal
